
Microsoft Visual Studio Solution File, Format Version 12.00
# Visual Studio Version 17
VisualStudioVersion = 17.8.34330.188
MinimumVisualStudioVersion = 10.0.40219.1
Project("{FAE04EC0-301F-11D3-BF4B-00C04F79EFBC}") = "PaymentAPI", "PaymentAPI\PaymentAPI.csproj", "{A993EA5E-615A-4469-A062-C8DFA215E9CC}"
EndProject
Global
	GlobalSection(SolutionConfigurationPlatforms) = preSolution
		Debug|Any CPU = Debug|Any CPU
		Release|Any CPU = Release|Any CPU
	EndGlobalSection
	GlobalSection(ProjectConfigurationPlatforms) = postSolution
		{A993EA5E-615A-4469-A062-C8DFA215E9CC}.Debug|Any CPU.ActiveCfg = Debug|Any CPU
		{A993EA5E-615A-4469-A062-C8DFA215E9CC}.Debug|Any CPU.Build.0 = Debug|Any CPU
		{A993EA5E-615A-4469-A062-C8DFA215E9CC}.Release|Any CPU.ActiveCfg = Release|Any CPU
		{A993EA5E-615A-4469-A062-C8DFA215E9CC}.Release|Any CPU.Build.0 = Release|Any CPU
	EndGlobalSection
	GlobalSection(SolutionProperties) = preSolution
		HideSolutionNode = FALSE
	EndGlobalSection
	GlobalSection(ExtensibilityGlobals) = postSolution
		SolutionGuid = {011AD138-872A-4044-95F8-6A081E8389D9}
	EndGlobalSection
EndGlobal
